{
  "projects": [
    {
      "projectId": "7nJ7UcFmq9UzB6eXfC5z4a",
      "version": "0.29.0",
      "dependencies": {},
      "lang": "ts",
      "fileLocks": [
        {
          "assetId": "7nJ7UcFmq9UzB6eXfC5z4a",
          "type": "projectCss",
          "checksum": "05587b57f22f0ec8bb54543deb39762e"
        }
      ],
      "codegenVersion": "0.0.1"
    },
    {
      "projectId": "xfguyo8p9zs8FxMdioQAoN",
      "version": "0.33.0",
      "dependencies": {},
      "lang": "ts",
      "fileLocks": [
        {
          "assetId": "xfguyo8p9zs8FxMdioQAoN",
          "checksum": "8d7960e265a25901c2f134a5ca161aff",
          "type": "globalContexts"
        },
        {
          "assetId": "xfguyo8p9zs8FxMdioQAoN",
          "type": "projectCss",
          "checksum": "1677c7b52f97b92e7b2e7d105b7c98ef"
        }
      ],
      "codegenVersion": "0.0.1"
    },
    {
      "projectId": "gLnoj82AzKVVT7qXiqAbHD",
      "version": "2.12.0",
      "dependencies": {},
      "lang": "ts",
      "fileLocks": [
        {
          "assetId": "gLnoj82AzKVVT7qXiqAbHD",
          "type": "projectCss",
          "checksum": "e1ec850476829c38b0f9b6d4f7ac446a"
        },
        {
          "type": "renderModule",
          "assetId": "lBHNzts6tFyj",
          "checksum": "579d12e83e839e0dc7fcb72a6146b874"
        },
        {
          "type": "cssRules",
          "assetId": "lBHNzts6tFyj",
          "checksum": "579d12e83e839e0dc7fcb72a6146b874"
        },
        {
          "type": "icon",
          "assetId": "zq2s7N0xWucT",
          "checksum": "7691da81b3fdb3bd85f62a09bf3c2cc7"
        },
        {
          "type": "icon",
          "assetId": "8K40faRNhuCj",
          "checksum": "4fedd32cd8730884585d804464a39318"
        }
      ],
      "codegenVersion": "0.0.1"
    },
    {
      "projectId": "kS7YGZfVr6mU43XDQjXELc",
      "version": "0.16.0",
      "dependencies": {},
      "lang": "ts",
      "fileLocks": [
        {
          "assetId": "kS7YGZfVr6mU43XDQjXELc",
          "type": "projectCss",
          "checksum": "e1ec850476829c38b0f9b6d4f7ac446a"
        }
      ],
      "codegenVersion": "0.0.1"
    },
    {
      "projectId": "YUiM7yqBWAqsh8KSnrdj7",
      "version": "0.30.0",
      "dependencies": {},
      "lang": "ts",
      "fileLocks": [
        {
          "assetId": "YUiM7yqBWAqsh8KSnrdj7",
          "type": "projectCss",
          "checksum": "dac72600b04b6e6a3014e82512a15fe1"
        }
      ],
      "codegenVersion": "0.0.1"
    },
    {
      "projectId": "k6BnBuAUepzRX8Qs2WvkKs",
      "version": "0.3.0",
      "dependencies": {},
      "lang": "ts",
      "fileLocks": [
        {
          "assetId": "k6BnBuAUepzRX8Qs2WvkKs",
          "type": "projectCss",
          "checksum": "e1ec850476829c38b0f9b6d4f7ac446a"
        }
      ],
      "codegenVersion": "0.0.1"
    },
    {
      "projectId": "jkU633o1Cz7HrJdwdxhVHk",
      "version": "16.11.0",
      "dependencies": {},
      "lang": "ts",
      "fileLocks": [
        {
          "assetId": "jkU633o1Cz7HrJdwdxhVHk",
          "type": "projectCss",
          "checksum": "0581d4378bb1604bb5fe3f65bb0a37de"
        }
      ],
      "codegenVersion": "0.0.1"
    },
    {
      "projectId": "sqPBLwEBBKHA2WDuGb17eV",
      "version": "2.1.0",
      "dependencies": {},
      "lang": "ts",
      "fileLocks": [
        {
          "assetId": "sqPBLwEBBKHA2WDuGb17eV",
          "type": "projectCss",
          "checksum": "e1ec850476829c38b0f9b6d4f7ac446a"
        },
        {
          "type": "renderModule",
          "assetId": "5nirPCGmCnRD",
          "checksum": "894bd3c651fb8ace75ecf7cb503a16d6"
        },
        {
          "type": "cssRules",
          "assetId": "5nirPCGmCnRD",
          "checksum": "894bd3c651fb8ace75ecf7cb503a16d6"
        },
        {
          "type": "icon",
          "assetId": "Wyt3GMMsLefj",
          "checksum": "d2b1886763aa016780501d0c22f50b5e"
        },
        {
          "type": "icon",
          "assetId": "MbDRsJU0e3bw",
          "checksum": "92672aa6935120ebaac11939d8d127bb"
        }
      ],
      "codegenVersion": "0.0.1"
    },
    {
      "projectId": "ohDidvG9XsCeFumugENU3J",
      "version": "6.26.0",
      "dependencies": {},
      "lang": "ts",
      "fileLocks": [
        {
          "assetId": "ohDidvG9XsCeFumugENU3J",
          "type": "projectCss",
          "checksum": "fd83b730367fdbde2c69bc6cf31c2a3c"
        },
        {
          "assetId": "ohDidvG9XsCeFumugENU3J",
          "checksum": "de0a0e65174a6a185a8f822af51c6bdd",
          "type": "globalContexts"
        }
      ],
      "codegenVersion": "0.0.1"
    },
    {
      "projectId": "qFgf32neWRE8gRveVBaatz",
      "version": "latest",
      "dependencies": {
        "ohDidvG9XsCeFumugENU3J": "6.26.0",
        "sqPBLwEBBKHA2WDuGb17eV": "2.1.0",
        "jkU633o1Cz7HrJdwdxhVHk": "16.11.0",
        "k6BnBuAUepzRX8Qs2WvkKs": "0.3.0",
        "YUiM7yqBWAqsh8KSnrdj7": "0.30.0",
        "kS7YGZfVr6mU43XDQjXELc": "0.16.0",
        "gLnoj82AzKVVT7qXiqAbHD": "2.12.0",
        "xfguyo8p9zs8FxMdioQAoN": "0.33.0",
        "7nJ7UcFmq9UzB6eXfC5z4a": "0.29.0"
      },
      "lang": "ts",
      "fileLocks": [
        {
          "type": "globalVariant",
          "assetId": "UJC2VYpomBng",
          "checksum": "e53a3efdd6f6599443a7f6ebbe43c0d9"
        },
        {
          "assetId": "qFgf32neWRE8gRveVBaatz",
          "checksum": "3743b8cb76f602093be86bfe2cabecd2",
          "type": "globalContexts"
        },
        {
          "assetId": "qFgf32neWRE8gRveVBaatz",
          "checksum": "17e4529fdd364c84cd4cb954a961514a",
          "type": "splitsProvider"
        },
        {
          "type": "renderModule",
          "assetId": "rdTSMLv5knL6",
          "checksum": "d98196061942bb8801ea1b148172408a"
        },
        {
          "type": "cssRules",
          "assetId": "rdTSMLv5knL6",
          "checksum": "d98196061942bb8801ea1b148172408a"
        },
        {
          "type": "renderModule",
          "assetId": "JRPPbMhYptfo",
          "checksum": "ac4dae493bbb7eb8c596d5e39b3fbcc4"
        },
        {
          "type": "cssRules",
          "assetId": "JRPPbMhYptfo",
          "checksum": "ac4dae493bbb7eb8c596d5e39b3fbcc4"
        },
        {
          "type": "renderModule",
          "assetId": "U5NlKRG2fLHo",
          "checksum": "0867f9239b7580e2fb79d79d8d987b48"
        },
        {
          "type": "cssRules",
          "assetId": "U5NlKRG2fLHo",
          "checksum": "0867f9239b7580e2fb79d79d8d987b48"
        },
        {
          "type": "renderModule",
          "assetId": "M2BFYvan2hjN",
          "checksum": "c5bc52b9d0f53e6b20eed9a400528712"
        },
        {
          "type": "cssRules",
          "assetId": "M2BFYvan2hjN",
          "checksum": "c5bc52b9d0f53e6b20eed9a400528712"
        },
        {
          "type": "renderModule",
          "assetId": "wVHeFJcN9sea",
          "checksum": "f092a09521578771992a1b578f00e2ef"
        },
        {
          "type": "cssRules",
          "assetId": "wVHeFJcN9sea",
          "checksum": "f092a09521578771992a1b578f00e2ef"
        },
        {
          "type": "renderModule",
          "assetId": "ApLXdRYqAk86",
          "checksum": "f8b64f111f92d289e40bbfd60df2798e"
        },
        {
          "type": "cssRules",
          "assetId": "ApLXdRYqAk86",
          "checksum": "f8b64f111f92d289e40bbfd60df2798e"
        },
        {
          "type": "renderModule",
          "assetId": "7-guXMnuxTk_",
          "checksum": "f6824047218343f283cadd86887b8c92"
        },
        {
          "type": "cssRules",
          "assetId": "7-guXMnuxTk_",
          "checksum": "f6824047218343f283cadd86887b8c92"
        },
        {
          "type": "renderModule",
          "assetId": "nTOhNUcod15f",
          "checksum": "831dd1dd95ababb381bcfbd3cc849787"
        },
        {
          "type": "cssRules",
          "assetId": "nTOhNUcod15f",
          "checksum": "831dd1dd95ababb381bcfbd3cc849787"
        },
        {
          "type": "renderModule",
          "assetId": "zd496FfthYEg",
          "checksum": "583fd49c9045c7c0c561c53f90bbcf71"
        },
        {
          "type": "cssRules",
          "assetId": "zd496FfthYEg",
          "checksum": "583fd49c9045c7c0c561c53f90bbcf71"
        },
        {
          "type": "renderModule",
          "assetId": "dIME4mUiH-Rp",
          "checksum": "a3e3531b211480b03e46efa258f13389"
        },
        {
          "type": "cssRules",
          "assetId": "dIME4mUiH-Rp",
          "checksum": "a3e3531b211480b03e46efa258f13389"
        },
        {
          "type": "renderModule",
          "assetId": "MaimrxZZ2uDo",
          "checksum": "47362d6e8045d102b3c5f739476c00fb"
        },
        {
          "type": "cssRules",
          "assetId": "MaimrxZZ2uDo",
          "checksum": "47362d6e8045d102b3c5f739476c00fb"
        },
        {
          "type": "renderModule",
          "assetId": "pW9ClsR7IfI0",
          "checksum": "0ccdb05d46e9b295b132a4324ac4e3d7"
        },
        {
          "type": "cssRules",
          "assetId": "pW9ClsR7IfI0",
          "checksum": "0ccdb05d46e9b295b132a4324ac4e3d7"
        },
        {
          "type": "renderModule",
          "assetId": "5cct2o2gRnd1",
          "checksum": "be000d7f25535e1431135ac5a6775f9b"
        },
        {
          "type": "cssRules",
          "assetId": "5cct2o2gRnd1",
          "checksum": "be000d7f25535e1431135ac5a6775f9b"
        },
        {
          "type": "renderModule",
          "assetId": "zeyxpzA_le82",
          "checksum": "a55431677f23c77dbd0bf329cce9f515"
        },
        {
          "type": "cssRules",
          "assetId": "zeyxpzA_le82",
          "checksum": "a55431677f23c77dbd0bf329cce9f515"
        },
        {
          "type": "renderModule",
          "assetId": "ZuuWfkNiYXry",
          "checksum": "90c5be75d5e19cf17c5af5dbf8e99e12"
        },
        {
          "type": "cssRules",
          "assetId": "ZuuWfkNiYXry",
          "checksum": "90c5be75d5e19cf17c5af5dbf8e99e12"
        },
        {
          "type": "renderModule",
          "assetId": "7axq3JOxCFIc",
          "checksum": "b3fcdf4c668ccc934ebbeecba3f333a7"
        },
        {
          "type": "cssRules",
          "assetId": "7axq3JOxCFIc",
          "checksum": "b3fcdf4c668ccc934ebbeecba3f333a7"
        },
        {
          "type": "renderModule",
          "assetId": "iKo6l4pl9W-b",
          "checksum": "a26ad91f0880843a0690baf7db379a69"
        },
        {
          "type": "cssRules",
          "assetId": "iKo6l4pl9W-b",
          "checksum": "a26ad91f0880843a0690baf7db379a69"
        },
        {
          "type": "renderModule",
          "assetId": "N5JN-Pzlkh3n",
          "checksum": "09a85c74326d31871d35e6e1fdc1416b"
        },
        {
          "type": "cssRules",
          "assetId": "N5JN-Pzlkh3n",
          "checksum": "09a85c74326d31871d35e6e1fdc1416b"
        },
        {
          "type": "renderModule",
          "assetId": "Khez4m0fLyTx",
          "checksum": "06ecf4d40cc9b68ad183ee52aeb92d8e"
        },
        {
          "type": "cssRules",
          "assetId": "Khez4m0fLyTx",
          "checksum": "06ecf4d40cc9b68ad183ee52aeb92d8e"
        },
        {
          "type": "renderModule",
          "assetId": "QNZjHdReq39P",
          "checksum": "22f1c00442eb28e38d04b32925078cb6"
        },
        {
          "type": "cssRules",
          "assetId": "QNZjHdReq39P",
          "checksum": "22f1c00442eb28e38d04b32925078cb6"
        },
        {
          "type": "renderModule",
          "assetId": "vRf831LTxtt-",
          "checksum": "4b1938466932b323e392b41ac68e5031"
        },
        {
          "type": "cssRules",
          "assetId": "vRf831LTxtt-",
          "checksum": "4b1938466932b323e392b41ac68e5031"
        },
        {
          "type": "renderModule",
          "assetId": "W-vsKXw-_8bg",
          "checksum": "a22ea0acfed1141b4d514b71493aab4d"
        },
        {
          "type": "cssRules",
          "assetId": "W-vsKXw-_8bg",
          "checksum": "a22ea0acfed1141b4d514b71493aab4d"
        },
        {
          "type": "renderModule",
          "assetId": "q_91EH8DSqFr",
          "checksum": "c826c70b69032419aa53c9b8ec373f10"
        },
        {
          "type": "cssRules",
          "assetId": "q_91EH8DSqFr",
          "checksum": "c826c70b69032419aa53c9b8ec373f10"
        },
        {
          "type": "renderModule",
          "assetId": "RX5xG043iUMC",
          "checksum": "df291b459aa641142bdf4b3d0673c2a3"
        },
        {
          "type": "cssRules",
          "assetId": "RX5xG043iUMC",
          "checksum": "df291b459aa641142bdf4b3d0673c2a3"
        },
        {
          "type": "renderModule",
          "assetId": "l1JulWjWRVwC",
          "checksum": "1c5ea9e9ae8cf8354e50cf521c00acf2"
        },
        {
          "type": "cssRules",
          "assetId": "l1JulWjWRVwC",
          "checksum": "1c5ea9e9ae8cf8354e50cf521c00acf2"
        },
        {
          "type": "renderModule",
          "assetId": "K5hS48T_EbYY",
          "checksum": "dda9684307d2c08b6a7b25cea0e016e9"
        },
        {
          "type": "cssRules",
          "assetId": "K5hS48T_EbYY",
          "checksum": "dda9684307d2c08b6a7b25cea0e016e9"
        },
        {
          "type": "renderModule",
          "assetId": "6J6LHNmu-UTh",
          "checksum": "6402157107112176f2ffee3d7479b230"
        },
        {
          "type": "cssRules",
          "assetId": "6J6LHNmu-UTh",
          "checksum": "6402157107112176f2ffee3d7479b230"
        },
        {
          "type": "renderModule",
          "assetId": "oUw-Oq8BPl_P",
          "checksum": "d7a9b48138c21e401266f789546194bd"
        },
        {
          "type": "cssRules",
          "assetId": "oUw-Oq8BPl_P",
          "checksum": "d7a9b48138c21e401266f789546194bd"
        },
        {
          "type": "renderModule",
          "assetId": "ssintioay6Yy",
          "checksum": "17661310d0bc9fa4e1d8fa5832b9da64"
        },
        {
          "type": "cssRules",
          "assetId": "ssintioay6Yy",
          "checksum": "17661310d0bc9fa4e1d8fa5832b9da64"
        },
        {
          "type": "renderModule",
          "assetId": "brSTv-__77Vi",
          "checksum": "50926079dfcc8cdb77f15822d52b71bb"
        },
        {
          "type": "cssRules",
          "assetId": "brSTv-__77Vi",
          "checksum": "50926079dfcc8cdb77f15822d52b71bb"
        },
        {
          "type": "icon",
          "assetId": "7fjG_etMLlgG",
          "checksum": "69f80e5d9d687ba1c0d674f61e5019f8"
        },
        {
          "type": "icon",
          "assetId": "8zkpZ3nXQfv1",
          "checksum": "f44b37d393f9f85e186436964af44d17"
        },
        {
          "type": "icon",
          "assetId": "4h7vteyBzq2S",
          "checksum": "c7e04f58c39d84b3f6f9d3363e835abd"
        },
        {
          "type": "icon",
          "assetId": "sNxDtVyJWNy-",
          "checksum": "99dd6480067d361433cfedee5374472f"
        },
        {
          "type": "icon",
          "assetId": "wGSTJDO5ZWks",
          "checksum": "872e2e1c16c22a3b05beb7130169851b"
        },
        {
          "type": "icon",
          "assetId": "-hHWm0myDKZV",
          "checksum": "c69f8b1f9331b2a316f29321a42a2aad"
        },
        {
          "type": "icon",
          "assetId": "buLjXiTjgKgo",
          "checksum": "c1e0758c699425d64a4a976f10247c1c"
        },
        {
          "type": "icon",
          "assetId": "1MkpQv2oe_LK",
          "checksum": "61f8785890c01d155c08d6e4190c66c1"
        },
        {
          "type": "icon",
          "assetId": "86OcW7x99pe7",
          "checksum": "f16dd52daaa3e11d70883cc31e418fd5"
        },
        {
          "type": "icon",
          "assetId": "w_WdZ2G5zEez",
          "checksum": "e6c1d45ebdc617cb8e45f623799ec0b6"
        },
        {
          "type": "icon",
          "assetId": "qCQFWECZaA7w",
          "checksum": "6055f15872b4680c8929fd62def12611"
        },
        {
          "type": "icon",
          "assetId": "UJl4tp4jqCrR",
          "checksum": "8f3afddfe257c9eceea2db512c283b24"
        },
        {
          "type": "icon",
          "assetId": "URYoezcwRBfI",
          "checksum": "2b75476d062508a6d8a3d6406d49b477"
        },
        {
          "type": "icon",
          "assetId": "7Lery_SfWsWo",
          "checksum": "67a5695ab667bb9a45d7b9768090662b"
        },
        {
          "type": "icon",
          "assetId": "4RSFaijBD_p7",
          "checksum": "1f7817d850965f6f0c17b2623bb7581e"
        },
        {
          "type": "icon",
          "assetId": "4AmNkXPlcKxd",
          "checksum": "72f6a7c344de699e901cc8bb8ba373c7"
        },
        {
          "type": "icon",
          "assetId": "oarYpzZYh4iv",
          "checksum": "c70379524927f02c399efdfda7d50405"
        },
        {
          "type": "icon",
          "assetId": "05jnYH7GoU1b",
          "checksum": "8e72c6b1f0ae3e341fa4925047cbea10"
        },
        {
          "type": "icon",
          "assetId": "4yHxNVuFeMxE",
          "checksum": "fe67a97f3d28c72337e1334453fa1354"
        },
        {
          "type": "icon",
          "assetId": "4UBRNYuFP8Qk",
          "checksum": "86d778be5a471415630e6e07fdae1821"
        },
        {
          "type": "icon",
          "assetId": "9Xy14f7tX9Ax",
          "checksum": "1f8ab25e8868e568efa5dc2aa5126399"
        },
        {
          "type": "icon",
          "assetId": "6im6f-sFV6o1",
          "checksum": "28da003315179fabde989b0e7515c70b"
        },
        {
          "type": "icon",
          "assetId": "4ZO3hraaucxz",
          "checksum": "eebc43051c5f6962fbc647a826658572"
        },
        {
          "type": "icon",
          "assetId": "s20LMRierc3S",
          "checksum": "7c98b2c5f61e1384ae043670f31591d5"
        },
        {
          "type": "icon",
          "assetId": "EBKiz1_bKbbS",
          "checksum": "0a2d45c249df8cfb3dda18dcc264334a"
        },
        {
          "type": "icon",
          "assetId": "fWVG_utiKGQ1",
          "checksum": "7ca3e15fc3df099bc642aaa2305f3918"
        },
        {
          "type": "icon",
          "assetId": "qYDC0LhkIc2_",
          "checksum": "92fd4e9f5641334d3ff203bfa21fe691"
        },
        {
          "type": "icon",
          "assetId": "tfoFva40Lasy",
          "checksum": "e806527ae897b5e8eb3391c7292feedd"
        },
        {
          "type": "icon",
          "assetId": "dbrqEVgw2GbS",
          "checksum": "08002d2b9630abaab0b579f302f92a29"
        },
        {
          "type": "icon",
          "assetId": "yj3hHsNYYAuP",
          "checksum": "2eba4cd8f569935c51a7b7ed5b09f1ec"
        },
        {
          "type": "icon",
          "assetId": "9ASPN5fdPsXG",
          "checksum": "34dc94ece1ac5c3206ddd04358cc8d05"
        },
        {
          "type": "icon",
          "assetId": "LNjLtZIQYfQl",
          "checksum": "39286466d5e072f637ce9bf235a96b53"
        },
        {
          "type": "icon",
          "assetId": "t1CcSEYsK3cc",
          "checksum": "50688447ad2829cfafe5cb41646ec334"
        },
        {
          "type": "icon",
          "assetId": "8hkhCDveuUnG",
          "checksum": "f55b4ff14374ef13d469dd92b5f9eb7e"
        },
        {
          "type": "icon",
          "assetId": "EvW8mP1giDEJ",
          "checksum": "feebf13f90c75e974fa893c3826f55b1"
        },
        {
          "type": "icon",
          "assetId": "3l0KPQLrYeJ1",
          "checksum": "af5112c0fe36cf696d72e6fc5f73fd97"
        },
        {
          "type": "icon",
          "assetId": "s6V8mYogtXIl",
          "checksum": "95feabdb39541da3202df6762d56399c"
        },
        {
          "type": "icon",
          "assetId": "7zb-F8fuerKZ",
          "checksum": "7c41cf4279b4ceaf8af74e9f4a199b05"
        },
        {
          "type": "icon",
          "assetId": "8cY3RPU6COwk",
          "checksum": "154e4486919f5ed61c57b5e5e96fce62"
        },
        {
          "type": "icon",
          "assetId": "EJkkfR7Ud0qQ",
          "checksum": "1d54aaa5732a1f7618a37cfa7e816aa0"
        },
        {
          "type": "icon",
          "assetId": "dUBMsPyUlb3n",
          "checksum": "ce3faa935ca65aeaa2bc09ccd8ea6fd4"
        },
        {
          "type": "icon",
          "assetId": "MoFLOZYF3sGI",
          "checksum": "b5b6bcb4665e89f4342d5f29fed2b4ba"
        },
        {
          "type": "icon",
          "assetId": "VsBoAEXdjig_",
          "checksum": "4f1553069993cd37e86db0db2d646b49"
        },
        {
          "type": "icon",
          "assetId": "y-FjJuAZvsK2",
          "checksum": "ec8fb350d1ae4a5c3ce35d62bbf82c46"
        },
        {
          "type": "icon",
          "assetId": "45YTpmzdPJeB",
          "checksum": "2e6bec0e6f6b533bd76e7124a49ba4e9"
        },
        {
          "type": "icon",
          "assetId": "jB41rBVZPU7x",
          "checksum": "d5e38f781597bd3adb49d10342f27805"
        },
        {
          "type": "icon",
          "assetId": "86fwTKLxRv6B",
          "checksum": "890fcb0e4c83f2a7a4865cbeb9b87c8e"
        },
        {
          "type": "icon",
          "assetId": "UvPSCxD5oaW3",
          "checksum": "3f4c4dba1d5441f6d4d524cd4e6c1d36"
        },
        {
          "type": "icon",
          "assetId": "afVbAz34uuL8",
          "checksum": "ea7636d9c041227643a0afd5d95a2855"
        },
        {
          "type": "icon",
          "assetId": "f_-oY0DRXqXL",
          "checksum": "748c4b959d66c97126979ec378355d1c"
        },
        {
          "type": "icon",
          "assetId": "NFxZZ2kwEKkv",
          "checksum": "8e54abda5bd851bf649952373a694bb5"
        },
        {
          "type": "icon",
          "assetId": "7is96NTsX-S7",
          "checksum": "dccad7f53c7566131cde6fef51c222f9"
        },
        {
          "type": "icon",
          "assetId": "3JB4AlATAt0H",
          "checksum": "0e45a2431fb56544633e2892653ccf14"
        },
        {
          "type": "icon",
          "assetId": "4UaDaQ055sXh",
          "checksum": "779bd37c57a66f279a90654ade2b6af0"
        },
        {
          "type": "icon",
          "assetId": "eqQAoypOBOaa",
          "checksum": "5db8d8a856a006549e44ff29e545064b"
        },
        {
          "type": "icon",
          "assetId": "qKMzzxYWCT9r",
          "checksum": "534900678c15f941e47eae9c7fa37a15"
        },
        {
          "type": "icon",
          "assetId": "w6NPFY6kUz40",
          "checksum": "90fae0db1098607dd3889edb0a49017a"
        },
        {
          "type": "icon",
          "assetId": "VCar4jAjC05T",
          "checksum": "8848c917c6627cf03cc7c20d7f1c5d14"
        },
        {
          "type": "icon",
          "assetId": "pR-88zDwQEnc",
          "checksum": "f5e384153493327a62796b1a63088cb6"
        },
        {
          "type": "icon",
          "assetId": "A7wi4bTyysuA",
          "checksum": "a8ef09cd0de18e2afbb9272cf0944714"
        },
        {
          "type": "icon",
          "assetId": "fxeDYeFnMhcL",
          "checksum": "8a5ea0ae47c9bb9d23cda907a7dd61c2"
        },
        {
          "type": "icon",
          "assetId": "SRvQOL_VCeU2",
          "checksum": "12b817b083293a942c0867e6e65e38cc"
        },
        {
          "type": "icon",
          "assetId": "oCm0mf-kFec8",
          "checksum": "e6c15aef8173d3a26dd1fbfb44610573"
        },
        {
          "type": "icon",
          "assetId": "uOmgSDCdFDth",
          "checksum": "5b3a00909d99989c3dfddda94c174117"
        },
        {
          "type": "icon",
          "assetId": "naJAblHQSjQc",
          "checksum": "f6303eb124cb61eaeea87e1894f29443"
        },
        {
          "type": "icon",
          "assetId": "aHu4dL6juEYA",
          "checksum": "d5d8b50ddb64557e8c5e962aee01b238"
        },
        {
          "type": "icon",
          "assetId": "75cd9bCdaW1j",
          "checksum": "57e934ea65b7dcc39ef6c417165e65fb"
        },
        {
          "type": "icon",
          "assetId": "HtjlgEEdxL13",
          "checksum": "72432eedc975f6ed9cc7d7c1d13d61ab"
        },
        {
          "type": "icon",
          "assetId": "t2E5RVjjEF4P",
          "checksum": "2e6652563a0570e39e4acdcdcfcf2477"
        },
        {
          "type": "icon",
          "assetId": "3VAfASl9gbiQ",
          "checksum": "e40daf3df7f76a1a4a62d6ea0753ab03"
        },
        {
          "type": "icon",
          "assetId": "fQuvc6bYBWs_",
          "checksum": "74516be94b52a5e9085edcc4870f4206"
        },
        {
          "type": "icon",
          "assetId": "CpP-5HbIMBWm",
          "checksum": "1530fbc79f064414137a15cffb9a9a84"
        },
        {
          "type": "icon",
          "assetId": "AYyMz-QUMUDa",
          "checksum": "f5e9fd787278584b55ef8b784062f53b"
        },
        {
          "type": "icon",
          "assetId": "7xqRrcjhZPHC",
          "checksum": "4ce6dbef742d2ee4f5aeaaae78edeabc"
        },
        {
          "type": "image",
          "assetId": "Hki5wY0HjV9u",
          "checksum": "45b7d92e1682f43869f345a537b8e522"
        },
        {
          "type": "renderModule",
          "assetId": "VUxalQKdyCYj",
          "checksum": "1a2744d05fd9b71dee5ffe91c8c96f79"
        },
        {
          "type": "cssRules",
          "assetId": "VUxalQKdyCYj",
          "checksum": "1a2744d05fd9b71dee5ffe91c8c96f79"
        },
        {
          "type": "renderModule",
          "assetId": "SyYLCRWlXb0u",
          "checksum": "037f5cbea599544f7ab4316aa1cd9547"
        },
        {
          "type": "cssRules",
          "assetId": "SyYLCRWlXb0u",
          "checksum": "037f5cbea599544f7ab4316aa1cd9547"
        },
        {
          "type": "renderModule",
          "assetId": "r1AkQsrHSZtQ",
          "checksum": "e9344ae2f8a65331c5b52c6e6470e3c1"
        },
        {
          "type": "cssRules",
          "assetId": "r1AkQsrHSZtQ",
          "checksum": "e9344ae2f8a65331c5b52c6e6470e3c1"
        },
        {
          "type": "renderModule",
          "assetId": "B0GpRQnxoYTt",
          "checksum": "56156322686249ea6c84fbf66ebac020"
        },
        {
          "type": "cssRules",
          "assetId": "B0GpRQnxoYTt",
          "checksum": "56156322686249ea6c84fbf66ebac020"
        },
        {
          "type": "renderModule",
          "assetId": "_msz16lTRhj1",
          "checksum": "edbde9f4992375884615924847c58a4e"
        },
        {
          "type": "cssRules",
          "assetId": "_msz16lTRhj1",
          "checksum": "edbde9f4992375884615924847c58a4e"
        },
        {
          "type": "renderModule",
          "assetId": "rOOOzuY_irvz",
          "checksum": "65c62c38ca718e34c2141e4dab69907d"
        },
        {
          "type": "cssRules",
          "assetId": "rOOOzuY_irvz",
          "checksum": "65c62c38ca718e34c2141e4dab69907d"
        },
        {
          "type": "icon",
          "assetId": "Kq2sI6IXlzM2",
          "checksum": "d9d2b5352f5ec1b0e5bc9bc54c3f70b2"
        },
        {
          "type": "icon",
          "assetId": "MkGrbQTFNEAF",
          "checksum": "dfc84cc73553e12e28d7b8d68c676615"
        },
        {
          "type": "icon",
          "assetId": "HVL8Mn2vX38q",
          "checksum": "bff4b0add3f16102a2ee7c727ff06255"
        },
        {
          "type": "icon",
          "assetId": "GwVz15svOXJ1",
          "checksum": "ee6540e87700ec5f02aa8ccb30edcfd3"
        },
        {
          "type": "icon",
          "assetId": "UR9SzrRcmRdF",
          "checksum": "647b45b924f1ea54dc545a009eea289e"
        },
        {
          "type": "renderModule",
          "assetId": "LVvesv418Nzn",
          "checksum": "df0ddfb905a5e1a8454fbadbd64b7d77"
        },
        {
          "type": "cssRules",
          "assetId": "LVvesv418Nzn",
          "checksum": "df0ddfb905a5e1a8454fbadbd64b7d77"
        },
        {
          "type": "renderModule",
          "assetId": "h4AhLHpwZjUP",
          "checksum": "f3c18de0797e7acb678b45aada487b8b"
        },
        {
          "type": "cssRules",
          "assetId": "h4AhLHpwZjUP",
          "checksum": "f3c18de0797e7acb678b45aada487b8b"
        },
        {
          "type": "renderModule",
          "assetId": "9cv68har2lH1",
          "checksum": "8f99b4dc7f4fa9951f81baf29d77ab38"
        },
        {
          "type": "cssRules",
          "assetId": "9cv68har2lH1",
          "checksum": "8f99b4dc7f4fa9951f81baf29d77ab38"
        },
        {
          "type": "renderModule",
          "assetId": "iPx11GU5dJeG",
          "checksum": "bf032a24a89bc66df34e81fa0d919729"
        },
        {
          "type": "cssRules",
          "assetId": "iPx11GU5dJeG",
          "checksum": "bf032a24a89bc66df34e81fa0d919729"
        },
        {
          "type": "renderModule",
          "assetId": "LtnGs58PcPwQ",
          "checksum": "fc2ad33b056a3f53ca48f0d097d2b639"
        },
        {
          "type": "cssRules",
          "assetId": "LtnGs58PcPwQ",
          "checksum": "fc2ad33b056a3f53ca48f0d097d2b639"
        },
        {
          "type": "renderModule",
          "assetId": "g9gKYSYktTlZ",
          "checksum": "4a6a24be55628a8112173e969b3a9b9d"
        },
        {
          "type": "cssRules",
          "assetId": "g9gKYSYktTlZ",
          "checksum": "4a6a24be55628a8112173e969b3a9b9d"
        },
        {
          "type": "renderModule",
          "assetId": "V-WhOu_9VTgo",
          "checksum": "78749f1825a6a16f83188be945a59c77"
        },
        {
          "type": "cssRules",
          "assetId": "V-WhOu_9VTgo",
          "checksum": "78749f1825a6a16f83188be945a59c77"
        },
        {
          "type": "renderModule",
          "assetId": "30qwjyl-gzyD",
          "checksum": "602f6ceedef2d8a732ed8bf53f6c4d2d"
        },
        {
          "type": "cssRules",
          "assetId": "30qwjyl-gzyD",
          "checksum": "602f6ceedef2d8a732ed8bf53f6c4d2d"
        },
        {
          "type": "renderModule",
          "assetId": "CjCWQ83VlxB3",
          "checksum": "c2442345f7f35be09635bfebf9faf93b"
        },
        {
          "type": "cssRules",
          "assetId": "CjCWQ83VlxB3",
          "checksum": "c2442345f7f35be09635bfebf9faf93b"
        },
        {
          "type": "icon",
          "assetId": "3rniC68qV9YL",
          "checksum": "7dee1c270e82d5873026e93b22a6a1ba"
        },
        {
          "type": "icon",
          "assetId": "1uhOfbKZlC27",
          "checksum": "93152a7484137ba0a2485424c4fbeb94"
        },
        {
          "type": "icon",
          "assetId": "AoTOfzwmeLeS",
          "checksum": "18644577a5860c1e01e8cd3558ca7f35"
        },
        {
          "type": "icon",
          "assetId": "LMYM2odj6zRx",
          "checksum": "c99837de4a031327ff94810f5c80b2d7"
        },
        {
          "type": "icon",
          "assetId": "4gM-ZYV9iCyy",
          "checksum": "8f4dddd69fa88a926524875daec0e19d"
        },
        {
          "type": "icon",
          "assetId": "yDdb5ybophgm",
          "checksum": "7f4c2b14b4bfade2be141b0351d790d3"
        },
        {
          "type": "icon",
          "assetId": "2MV9vqJjje73",
          "checksum": "d36405f58afd0e9016984c5369207bf7"
        },
        {
          "type": "icon",
          "assetId": "ArYY8iffiwxt",
          "checksum": "d8481522033375b30387bb177a548a03"
        },
        {
          "type": "icon",
          "assetId": "1IrV8Q5qwATp",
          "checksum": "a02be35d96a7f74c9a856258bcfcb4a7"
        },
        {
          "type": "icon",
          "assetId": "v7UTCNMEbebw",
          "checksum": "af8c05245ff4f2044de2f5f4ab4efee3"
        },
        {
          "type": "icon",
          "assetId": "-T_ZDw4_KsiR",
          "checksum": "309db9af2ddba8c14b13758a5bc4be87"
        },
        {
          "type": "icon",
          "assetId": "7zN64FKE-mTL",
          "checksum": "9b75a9ab45ea60e2671619ae3e633fbe"
        },
        {
          "type": "icon",
          "assetId": "R88TpxIuauGM",
          "checksum": "ca653d66fcda571d9a23369a7da8c158"
        },
        {
          "type": "icon",
          "assetId": "R0-jB0Rgolsy",
          "checksum": "00fa27356d190058cd57d5179f77256e"
        },
        {
          "type": "icon",
          "assetId": "LkmhWxmiuvWS",
          "checksum": "f3026fd3788efe0293bf2a21fd277c6e"
        },
        {
          "type": "icon",
          "assetId": "IGlXIVeYZFwp",
          "checksum": "e2d626ee4ae6214b22d3e388b544a2a6"
        },
        {
          "type": "icon",
          "assetId": "S0byKcZLLjQM",
          "checksum": "9df6dd5bb7d5205efc5ec60f47205725"
        },
        {
          "type": "icon",
          "assetId": "MhXcOlMUwaJl",
          "checksum": "a12e6da5b11e060e2769a6b22ea78131"
        },
        {
          "type": "renderModule",
          "assetId": "xSZETzH5yRT1",
          "checksum": "8ecb4915443f3a5deed0837403c1b7ca"
        },
        {
          "type": "cssRules",
          "assetId": "xSZETzH5yRT1",
          "checksum": "8ecb4915443f3a5deed0837403c1b7ca"
        },
        {
          "assetId": "qFgf32neWRE8gRveVBaatz",
          "type": "projectCss",
          "checksum": "4a891066c7745e610aa82047dd5a8372"
        },
        {
          "type": "renderModule",
          "assetId": "4t2Qy5WUSJVp",
          "checksum": "d0c45a77489aa3be58a88642315b18f2"
        },
        {
          "type": "cssRules",
          "assetId": "4t2Qy5WUSJVp",
          "checksum": "d0c45a77489aa3be58a88642315b18f2"
        },
        {
          "type": "renderModule",
          "assetId": "zKVxLfUZw9WN",
          "checksum": "cd3bebf5e6c29f38677457c2f172bbb9"
        },
        {
          "type": "cssRules",
          "assetId": "zKVxLfUZw9WN",
          "checksum": "cd3bebf5e6c29f38677457c2f172bbb9"
        },
        {
          "type": "renderModule",
          "assetId": "p0mnkpzglymX",
          "checksum": "8f014c21dc6355f451d7be16c1c3e085"
        },
        {
          "type": "cssRules",
          "assetId": "p0mnkpzglymX",
          "checksum": "8f014c21dc6355f451d7be16c1c3e085"
        },
        {
          "type": "renderModule",
          "assetId": "vp-0ZJI-DQym",
          "checksum": "a402b4e9b36122577f446f91f54b6831"
        },
        {
          "type": "cssRules",
          "assetId": "vp-0ZJI-DQym",
          "checksum": "a402b4e9b36122577f446f91f54b6831"
        },
        {
          "type": "renderModule",
          "assetId": "LXPYsuIaJqY7",
          "checksum": "66c39f6f5eb9cc208d7ae406ec1254af"
        },
        {
          "type": "cssRules",
          "assetId": "LXPYsuIaJqY7",
          "checksum": "66c39f6f5eb9cc208d7ae406ec1254af"
        },
        {
          "type": "renderModule",
          "assetId": "HxIP9-DtSGaj",
          "checksum": "89f376fd746a33927823923622496ce4"
        },
        {
          "type": "cssRules",
          "assetId": "HxIP9-DtSGaj",
          "checksum": "89f376fd746a33927823923622496ce4"
        },
        {
          "type": "renderModule",
          "assetId": "Dxo6omEgGGYV",
          "checksum": "6df05d0437b3bfaa93f82c04a7355c1e"
        },
        {
          "type": "cssRules",
          "assetId": "Dxo6omEgGGYV",
          "checksum": "6df05d0437b3bfaa93f82c04a7355c1e"
        },
        {
          "type": "renderModule",
          "assetId": "HEiaqG6S4t6W",
          "checksum": "5432dc1b86a6e823de8e44e4a45fd55e"
        },
        {
          "type": "cssRules",
          "assetId": "HEiaqG6S4t6W",
          "checksum": "5432dc1b86a6e823de8e44e4a45fd55e"
        },
        {
          "type": "renderModule",
          "assetId": "TAXiLlfQD5MN",
          "checksum": "3001c31b55ec252ff8aa2f3c477a1680"
        },
        {
          "type": "cssRules",
          "assetId": "TAXiLlfQD5MN",
          "checksum": "3001c31b55ec252ff8aa2f3c477a1680"
        },
        {
          "type": "renderModule",
          "assetId": "Ir4fGGB2J2Ay",
          "checksum": "9410f2d0f8c23dcd1bfe5ce2296b7d5d"
        },
        {
          "type": "cssRules",
          "assetId": "Ir4fGGB2J2Ay",
          "checksum": "9410f2d0f8c23dcd1bfe5ce2296b7d5d"
        },
        {
          "type": "renderModule",
          "assetId": "KnYNZm1t2IR5",
          "checksum": "f3538af33dc7c5f4398558b055a1e0bd"
        },
        {
          "type": "cssRules",
          "assetId": "KnYNZm1t2IR5",
          "checksum": "f3538af33dc7c5f4398558b055a1e0bd"
        },
        {
          "type": "renderModule",
          "assetId": "vc4QrCJM7nhW",
          "checksum": "034a3e85aa8e5c5092ef0ac35aa9e1d9"
        },
        {
          "type": "cssRules",
          "assetId": "vc4QrCJM7nhW",
          "checksum": "034a3e85aa8e5c5092ef0ac35aa9e1d9"
        },
        {
          "type": "renderModule",
          "assetId": "gWWU5Ob64_0l",
          "checksum": "f90e6ad3dc99faeb18d9403a723ce1c4"
        },
        {
          "type": "cssRules",
          "assetId": "gWWU5Ob64_0l",
          "checksum": "f90e6ad3dc99faeb18d9403a723ce1c4"
        },
        {
          "type": "renderModule",
          "assetId": "-5yQM3hZscI3",
          "checksum": "40d8d1f2df5da54ef0f85263af6177ae"
        },
        {
          "type": "cssRules",
          "assetId": "-5yQM3hZscI3",
          "checksum": "40d8d1f2df5da54ef0f85263af6177ae"
        },
        {
          "type": "renderModule",
          "assetId": "2l3jZIBKayAy",
          "checksum": "9ae52c38448fe68d4612d34481d5f232"
        },
        {
          "type": "cssRules",
          "assetId": "2l3jZIBKayAy",
          "checksum": "9ae52c38448fe68d4612d34481d5f232"
        }
      ],
      "codegenVersion": "0.0.1"
    }
  ],
  "cliVersion": "0.1.331"
}
