{
  "projects": [
    {
      "projectId": "7nJ7UcFmq9UzB6eXfC5z4a",
      "version": "0.29.0",
      "dependencies": {},
      "lang": "ts",
      "fileLocks": [
        {
          "assetId": "7nJ7UcFmq9UzB6eXfC5z4a",
          "type": "projectCss",
          "checksum": "05587b57f22f0ec8bb54543deb39762e"
        }
      ],
      "codegenVersion": "0.0.1"
    },
    {
      "projectId": "xfguyo8p9zs8FxMdioQAoN",
      "version": "0.32.0",
      "dependencies": {},
      "lang": "ts",
      "fileLocks": [
        {
          "assetId": "xfguyo8p9zs8FxMdioQAoN",
          "type": "projectCss",
          "checksum": "1677c7b52f97b92e7b2e7d105b7c98ef"
        },
        {
          "assetId": "xfguyo8p9zs8FxMdioQAoN",
          "checksum": "8d7960e265a25901c2f134a5ca161aff",
          "type": "globalContexts"
        }
      ],
      "codegenVersion": "0.0.1"
    },
    {
      "projectId": "gLnoj82AzKVVT7qXiqAbHD",
      "version": "2.12.0",
      "dependencies": {},
      "lang": "ts",
      "fileLocks": [
        {
          "assetId": "gLnoj82AzKVVT7qXiqAbHD",
          "type": "projectCss",
          "checksum": "e1ec850476829c38b0f9b6d4f7ac446a"
        },
        {
          "type": "renderModule",
          "assetId": "lBHNzts6tFyj",
          "checksum": "579d12e83e839e0dc7fcb72a6146b874"
        },
        {
          "type": "cssRules",
          "assetId": "lBHNzts6tFyj",
          "checksum": "579d12e83e839e0dc7fcb72a6146b874"
        },
        {
          "type": "icon",
          "assetId": "zq2s7N0xWucT",
          "checksum": "7691da81b3fdb3bd85f62a09bf3c2cc7"
        },
        {
          "type": "icon",
          "assetId": "8K40faRNhuCj",
          "checksum": "4fedd32cd8730884585d804464a39318"
        }
      ],
      "codegenVersion": "0.0.1"
    },
    {
      "projectId": "kS7YGZfVr6mU43XDQjXELc",
      "version": "0.16.0",
      "dependencies": {},
      "lang": "ts",
      "fileLocks": [
        {
          "assetId": "kS7YGZfVr6mU43XDQjXELc",
          "type": "projectCss",
          "checksum": "e1ec850476829c38b0f9b6d4f7ac446a"
        }
      ],
      "codegenVersion": "0.0.1"
    },
    {
      "projectId": "YUiM7yqBWAqsh8KSnrdj7",
      "version": "0.30.0",
      "dependencies": {},
      "lang": "ts",
      "fileLocks": [
        {
          "assetId": "YUiM7yqBWAqsh8KSnrdj7",
          "type": "projectCss",
          "checksum": "dac72600b04b6e6a3014e82512a15fe1"
        }
      ],
      "codegenVersion": "0.0.1"
    },
    {
      "projectId": "k6BnBuAUepzRX8Qs2WvkKs",
      "version": "0.3.0",
      "dependencies": {},
      "lang": "ts",
      "fileLocks": [
        {
          "assetId": "k6BnBuAUepzRX8Qs2WvkKs",
          "type": "projectCss",
          "checksum": "e1ec850476829c38b0f9b6d4f7ac446a"
        }
      ],
      "codegenVersion": "0.0.1"
    },
    {
      "projectId": "jkU633o1Cz7HrJdwdxhVHk",
      "version": "16.11.0",
      "dependencies": {},
      "lang": "ts",
      "fileLocks": [
        {
          "assetId": "jkU633o1Cz7HrJdwdxhVHk",
          "type": "projectCss",
          "checksum": "0581d4378bb1604bb5fe3f65bb0a37de"
        }
      ],
      "codegenVersion": "0.0.1"
    },
    {
      "projectId": "sqPBLwEBBKHA2WDuGb17eV",
      "version": "2.1.0",
      "dependencies": {},
      "lang": "ts",
      "fileLocks": [
        {
          "assetId": "sqPBLwEBBKHA2WDuGb17eV",
          "type": "projectCss",
          "checksum": "e1ec850476829c38b0f9b6d4f7ac446a"
        },
        {
          "type": "renderModule",
          "assetId": "5nirPCGmCnRD",
          "checksum": "894bd3c651fb8ace75ecf7cb503a16d6"
        },
        {
          "type": "cssRules",
          "assetId": "5nirPCGmCnRD",
          "checksum": "894bd3c651fb8ace75ecf7cb503a16d6"
        },
        {
          "type": "icon",
          "assetId": "Wyt3GMMsLefj",
          "checksum": "d2b1886763aa016780501d0c22f50b5e"
        },
        {
          "type": "icon",
          "assetId": "MbDRsJU0e3bw",
          "checksum": "92672aa6935120ebaac11939d8d127bb"
        }
      ],
      "codegenVersion": "0.0.1"
    },
    {
      "projectId": "ohDidvG9XsCeFumugENU3J",
      "version": "6.26.0",
      "dependencies": {},
      "lang": "ts",
      "fileLocks": [
        {
          "assetId": "ohDidvG9XsCeFumugENU3J",
          "type": "projectCss",
          "checksum": "fd83b730367fdbde2c69bc6cf31c2a3c"
        },
        {
          "assetId": "ohDidvG9XsCeFumugENU3J",
          "checksum": "de0a0e65174a6a185a8f822af51c6bdd",
          "type": "globalContexts"
        }
      ],
      "codegenVersion": "0.0.1"
    },
    {
      "projectId": "qFgf32neWRE8gRveVBaatz",
      "version": "latest",
      "dependencies": {
        "ohDidvG9XsCeFumugENU3J": "6.26.0",
        "sqPBLwEBBKHA2WDuGb17eV": "2.1.0",
        "jkU633o1Cz7HrJdwdxhVHk": "16.11.0",
        "k6BnBuAUepzRX8Qs2WvkKs": "0.3.0",
        "YUiM7yqBWAqsh8KSnrdj7": "0.30.0",
        "kS7YGZfVr6mU43XDQjXELc": "0.16.0",
        "gLnoj82AzKVVT7qXiqAbHD": "2.12.0",
        "xfguyo8p9zs8FxMdioQAoN": "0.32.0",
        "7nJ7UcFmq9UzB6eXfC5z4a": "0.29.0"
      },
      "lang": "ts",
      "fileLocks": [
        {
          "type": "globalVariant",
          "assetId": "UJC2VYpomBng",
          "checksum": "e53a3efdd6f6599443a7f6ebbe43c0d9"
        },
        {
          "assetId": "qFgf32neWRE8gRveVBaatz",
          "checksum": "3743b8cb76f602093be86bfe2cabecd2",
          "type": "globalContexts"
        },
        {
          "assetId": "qFgf32neWRE8gRveVBaatz",
          "checksum": "17e4529fdd364c84cd4cb954a961514a",
          "type": "splitsProvider"
        },
        {
          "type": "renderModule",
          "assetId": "rdTSMLv5knL6",
          "checksum": "0dc4f488607b8c20422ba9b7913b9b99"
        },
        {
          "type": "cssRules",
          "assetId": "rdTSMLv5knL6",
          "checksum": "0dc4f488607b8c20422ba9b7913b9b99"
        },
        {
          "type": "renderModule",
          "assetId": "JRPPbMhYptfo",
          "checksum": "c879c062e39ac1f222bdc7ed0dd6d6ba"
        },
        {
          "type": "cssRules",
          "assetId": "JRPPbMhYptfo",
          "checksum": "c879c062e39ac1f222bdc7ed0dd6d6ba"
        },
        {
          "type": "renderModule",
          "assetId": "U5NlKRG2fLHo",
          "checksum": "7dfe14c60caeb92793792fe87024166c"
        },
        {
          "type": "cssRules",
          "assetId": "U5NlKRG2fLHo",
          "checksum": "7dfe14c60caeb92793792fe87024166c"
        },
        {
          "type": "renderModule",
          "assetId": "M2BFYvan2hjN",
          "checksum": "a13dcd224b51ae046b9d0a54957c7bf2"
        },
        {
          "type": "cssRules",
          "assetId": "M2BFYvan2hjN",
          "checksum": "a13dcd224b51ae046b9d0a54957c7bf2"
        },
        {
          "type": "renderModule",
          "assetId": "wVHeFJcN9sea",
          "checksum": "f092a09521578771992a1b578f00e2ef"
        },
        {
          "type": "cssRules",
          "assetId": "wVHeFJcN9sea",
          "checksum": "f092a09521578771992a1b578f00e2ef"
        },
        {
          "type": "renderModule",
          "assetId": "ApLXdRYqAk86",
          "checksum": "f8b64f111f92d289e40bbfd60df2798e"
        },
        {
          "type": "cssRules",
          "assetId": "ApLXdRYqAk86",
          "checksum": "f8b64f111f92d289e40bbfd60df2798e"
        },
        {
          "type": "renderModule",
          "assetId": "ca9OvSNLUBNw",
          "checksum": "5c5d84a887062bd3a3962c68c29af75d"
        },
        {
          "type": "cssRules",
          "assetId": "ca9OvSNLUBNw",
          "checksum": "5c5d84a887062bd3a3962c68c29af75d"
        },
        {
          "type": "renderModule",
          "assetId": "7-guXMnuxTk_",
          "checksum": "5b960c17d359ba9670979343ed47d4ce"
        },
        {
          "type": "cssRules",
          "assetId": "7-guXMnuxTk_",
          "checksum": "5b960c17d359ba9670979343ed47d4ce"
        },
        {
          "type": "renderModule",
          "assetId": "nTOhNUcod15f",
          "checksum": "85cbb80a65382d9b93028d638a770b12"
        },
        {
          "type": "cssRules",
          "assetId": "nTOhNUcod15f",
          "checksum": "85cbb80a65382d9b93028d638a770b12"
        },
        {
          "type": "renderModule",
          "assetId": "zd496FfthYEg",
          "checksum": "22b43bc109c83efbb4f0a8536af3a28e"
        },
        {
          "type": "cssRules",
          "assetId": "zd496FfthYEg",
          "checksum": "22b43bc109c83efbb4f0a8536af3a28e"
        },
        {
          "type": "renderModule",
          "assetId": "dIME4mUiH-Rp",
          "checksum": "30282f885c186849494db78ccd6f81a7"
        },
        {
          "type": "cssRules",
          "assetId": "dIME4mUiH-Rp",
          "checksum": "30282f885c186849494db78ccd6f81a7"
        },
        {
          "type": "renderModule",
          "assetId": "MaimrxZZ2uDo",
          "checksum": "1aa0c3fefda5f8e5d40bb6a6d3ccc065"
        },
        {
          "type": "cssRules",
          "assetId": "MaimrxZZ2uDo",
          "checksum": "1aa0c3fefda5f8e5d40bb6a6d3ccc065"
        },
        {
          "type": "renderModule",
          "assetId": "pW9ClsR7IfI0",
          "checksum": "e605e84c015ed96244ab6702a10bb303"
        },
        {
          "type": "cssRules",
          "assetId": "pW9ClsR7IfI0",
          "checksum": "e605e84c015ed96244ab6702a10bb303"
        },
        {
          "type": "renderModule",
          "assetId": "5cct2o2gRnd1",
          "checksum": "9ce8544dcf0b344e17d33d033715e88c"
        },
        {
          "type": "cssRules",
          "assetId": "5cct2o2gRnd1",
          "checksum": "9ce8544dcf0b344e17d33d033715e88c"
        },
        {
          "type": "renderModule",
          "assetId": "zeyxpzA_le82",
          "checksum": "764fc65ec3ac12ae89f2274d2f13154c"
        },
        {
          "type": "cssRules",
          "assetId": "zeyxpzA_le82",
          "checksum": "764fc65ec3ac12ae89f2274d2f13154c"
        },
        {
          "type": "renderModule",
          "assetId": "Dbp6QW6F8Oz_",
          "checksum": "45314b145f177a076f436e9f063f1f0a"
        },
        {
          "type": "cssRules",
          "assetId": "Dbp6QW6F8Oz_",
          "checksum": "45314b145f177a076f436e9f063f1f0a"
        },
        {
          "type": "renderModule",
          "assetId": "ZuuWfkNiYXry",
          "checksum": "f0894c083103af752fb46550eadb6503"
        },
        {
          "type": "cssRules",
          "assetId": "ZuuWfkNiYXry",
          "checksum": "f0894c083103af752fb46550eadb6503"
        },
        {
          "type": "renderModule",
          "assetId": "7axq3JOxCFIc",
          "checksum": "348767ef6b1323bac440b01ea739d196"
        },
        {
          "type": "cssRules",
          "assetId": "7axq3JOxCFIc",
          "checksum": "348767ef6b1323bac440b01ea739d196"
        },
        {
          "type": "renderModule",
          "assetId": "iKo6l4pl9W-b",
          "checksum": "ae1147d291afb8497ab712dcd20706c5"
        },
        {
          "type": "cssRules",
          "assetId": "iKo6l4pl9W-b",
          "checksum": "ae1147d291afb8497ab712dcd20706c5"
        },
        {
          "type": "renderModule",
          "assetId": "N5JN-Pzlkh3n",
          "checksum": "05ae426015bf6239fbd83385477c1c64"
        },
        {
          "type": "cssRules",
          "assetId": "N5JN-Pzlkh3n",
          "checksum": "05ae426015bf6239fbd83385477c1c64"
        },
        {
          "type": "renderModule",
          "assetId": "Khez4m0fLyTx",
          "checksum": "48c506bbf713dbc89dccaf3102190705"
        },
        {
          "type": "cssRules",
          "assetId": "Khez4m0fLyTx",
          "checksum": "48c506bbf713dbc89dccaf3102190705"
        },
        {
          "type": "renderModule",
          "assetId": "QNZjHdReq39P",
          "checksum": "e55c10d690d89983ca93460f59657548"
        },
        {
          "type": "cssRules",
          "assetId": "QNZjHdReq39P",
          "checksum": "e55c10d690d89983ca93460f59657548"
        },
        {
          "type": "renderModule",
          "assetId": "vRf831LTxtt-",
          "checksum": "30dc580c43d25264b38f797384a807b2"
        },
        {
          "type": "cssRules",
          "assetId": "vRf831LTxtt-",
          "checksum": "30dc580c43d25264b38f797384a807b2"
        },
        {
          "type": "renderModule",
          "assetId": "W-vsKXw-_8bg",
          "checksum": "79662b88a33fd78e481b537c9cc6353c"
        },
        {
          "type": "cssRules",
          "assetId": "W-vsKXw-_8bg",
          "checksum": "79662b88a33fd78e481b537c9cc6353c"
        },
        {
          "type": "renderModule",
          "assetId": "q_91EH8DSqFr",
          "checksum": "319b7a64eb6e9f603f22a531f92b861b"
        },
        {
          "type": "cssRules",
          "assetId": "q_91EH8DSqFr",
          "checksum": "319b7a64eb6e9f603f22a531f92b861b"
        },
        {
          "type": "renderModule",
          "assetId": "RX5xG043iUMC",
          "checksum": "1261ea23a4caff462592f36dce29cc06"
        },
        {
          "type": "cssRules",
          "assetId": "RX5xG043iUMC",
          "checksum": "1261ea23a4caff462592f36dce29cc06"
        },
        {
          "type": "renderModule",
          "assetId": "l1JulWjWRVwC",
          "checksum": "1c5ea9e9ae8cf8354e50cf521c00acf2"
        },
        {
          "type": "cssRules",
          "assetId": "l1JulWjWRVwC",
          "checksum": "1c5ea9e9ae8cf8354e50cf521c00acf2"
        },
        {
          "type": "renderModule",
          "assetId": "K5hS48T_EbYY",
          "checksum": "938196a23e55315afa2f4b2fe7652a21"
        },
        {
          "type": "cssRules",
          "assetId": "K5hS48T_EbYY",
          "checksum": "938196a23e55315afa2f4b2fe7652a21"
        },
        {
          "type": "renderModule",
          "assetId": "v9TOdYeoUJJU",
          "checksum": "3a87e3746650863fe5e0124b952120cd"
        },
        {
          "type": "cssRules",
          "assetId": "v9TOdYeoUJJU",
          "checksum": "3a87e3746650863fe5e0124b952120cd"
        },
        {
          "type": "renderModule",
          "assetId": "6J6LHNmu-UTh",
          "checksum": "353a3dfe75a5512648accefa34c7bd9d"
        },
        {
          "type": "cssRules",
          "assetId": "6J6LHNmu-UTh",
          "checksum": "353a3dfe75a5512648accefa34c7bd9d"
        },
        {
          "type": "renderModule",
          "assetId": "oUw-Oq8BPl_P",
          "checksum": "eb90f0f776ada18955e35eeec1d44647"
        },
        {
          "type": "cssRules",
          "assetId": "oUw-Oq8BPl_P",
          "checksum": "eb90f0f776ada18955e35eeec1d44647"
        },
        {
          "type": "renderModule",
          "assetId": "ssintioay6Yy",
          "checksum": "17661310d0bc9fa4e1d8fa5832b9da64"
        },
        {
          "type": "cssRules",
          "assetId": "ssintioay6Yy",
          "checksum": "17661310d0bc9fa4e1d8fa5832b9da64"
        },
        {
          "type": "renderModule",
          "assetId": "brSTv-__77Vi",
          "checksum": "50926079dfcc8cdb77f15822d52b71bb"
        },
        {
          "type": "cssRules",
          "assetId": "brSTv-__77Vi",
          "checksum": "50926079dfcc8cdb77f15822d52b71bb"
        },
        {
          "type": "icon",
          "assetId": "7fjG_etMLlgG",
          "checksum": "69f80e5d9d687ba1c0d674f61e5019f8"
        },
        {
          "type": "icon",
          "assetId": "8zkpZ3nXQfv1",
          "checksum": "f44b37d393f9f85e186436964af44d17"
        },
        {
          "type": "icon",
          "assetId": "4h7vteyBzq2S",
          "checksum": "c7e04f58c39d84b3f6f9d3363e835abd"
        },
        {
          "type": "icon",
          "assetId": "sNxDtVyJWNy-",
          "checksum": "99dd6480067d361433cfedee5374472f"
        },
        {
          "type": "icon",
          "assetId": "wGSTJDO5ZWks",
          "checksum": "872e2e1c16c22a3b05beb7130169851b"
        },
        {
          "type": "icon",
          "assetId": "GXz1ntiXgLdw",
          "checksum": "cb3f31ce696fafb90af8e617ff90b911"
        },
        {
          "type": "icon",
          "assetId": "-hHWm0myDKZV",
          "checksum": "c69f8b1f9331b2a316f29321a42a2aad"
        },
        {
          "type": "icon",
          "assetId": "buLjXiTjgKgo",
          "checksum": "c1e0758c699425d64a4a976f10247c1c"
        },
        {
          "type": "icon",
          "assetId": "1MkpQv2oe_LK",
          "checksum": "61f8785890c01d155c08d6e4190c66c1"
        },
        {
          "type": "icon",
          "assetId": "86OcW7x99pe7",
          "checksum": "f16dd52daaa3e11d70883cc31e418fd5"
        },
        {
          "type": "icon",
          "assetId": "w_WdZ2G5zEez",
          "checksum": "e6c1d45ebdc617cb8e45f623799ec0b6"
        },
        {
          "type": "icon",
          "assetId": "qCQFWECZaA7w",
          "checksum": "6055f15872b4680c8929fd62def12611"
        },
        {
          "type": "icon",
          "assetId": "UJl4tp4jqCrR",
          "checksum": "8f3afddfe257c9eceea2db512c283b24"
        },
        {
          "type": "icon",
          "assetId": "URYoezcwRBfI",
          "checksum": "2b75476d062508a6d8a3d6406d49b477"
        },
        {
          "type": "icon",
          "assetId": "7Lery_SfWsWo",
          "checksum": "67a5695ab667bb9a45d7b9768090662b"
        },
        {
          "type": "icon",
          "assetId": "4RSFaijBD_p7",
          "checksum": "1f7817d850965f6f0c17b2623bb7581e"
        },
        {
          "type": "icon",
          "assetId": "4AmNkXPlcKxd",
          "checksum": "72f6a7c344de699e901cc8bb8ba373c7"
        },
        {
          "type": "icon",
          "assetId": "oarYpzZYh4iv",
          "checksum": "c70379524927f02c399efdfda7d50405"
        },
        {
          "type": "icon",
          "assetId": "05jnYH7GoU1b",
          "checksum": "8e72c6b1f0ae3e341fa4925047cbea10"
        },
        {
          "type": "icon",
          "assetId": "4yHxNVuFeMxE",
          "checksum": "fe67a97f3d28c72337e1334453fa1354"
        },
        {
          "type": "icon",
          "assetId": "4UBRNYuFP8Qk",
          "checksum": "86d778be5a471415630e6e07fdae1821"
        },
        {
          "type": "icon",
          "assetId": "SsGOUntGnFZq",
          "checksum": "6c58f0251142f23c9628fe7188741f25"
        },
        {
          "type": "icon",
          "assetId": "7k9LIl39UPOq",
          "checksum": "30c655be662638363ffa3efd727d16e2"
        },
        {
          "type": "icon",
          "assetId": "5M6DFObc0h8-",
          "checksum": "e24568ab6ae0f66411803f624f593100"
        },
        {
          "type": "icon",
          "assetId": "EsGYzdeplFPy",
          "checksum": "6238bde4ea5910573f5a383ff5c57db8"
        },
        {
          "type": "icon",
          "assetId": "dDkif-APYsWt",
          "checksum": "c7e153247d1cf46684c4f4750abcb18e"
        },
        {
          "type": "icon",
          "assetId": "gmljwiUqmJql",
          "checksum": "6af529293e610e260935b437dad8e44a"
        },
        {
          "type": "icon",
          "assetId": "V46mJRsLTbhN",
          "checksum": "aa6f6b0fe54bb58bd463e39170a3ef54"
        },
        {
          "type": "icon",
          "assetId": "9Xy14f7tX9Ax",
          "checksum": "1f8ab25e8868e568efa5dc2aa5126399"
        },
        {
          "type": "icon",
          "assetId": "6im6f-sFV6o1",
          "checksum": "28da003315179fabde989b0e7515c70b"
        },
        {
          "type": "icon",
          "assetId": "4ZO3hraaucxz",
          "checksum": "eebc43051c5f6962fbc647a826658572"
        },
        {
          "type": "icon",
          "assetId": "s20LMRierc3S",
          "checksum": "7c98b2c5f61e1384ae043670f31591d5"
        },
        {
          "type": "icon",
          "assetId": "4R4U0XUgHARQ",
          "checksum": "7c5ed89dba5be6fa5f46d1050b2f44f9"
        },
        {
          "type": "icon",
          "assetId": "FNUlCIU0PLJ8",
          "checksum": "9506888f084a105047dd81a5193406d1"
        },
        {
          "type": "icon",
          "assetId": "5fundyGUNELm",
          "checksum": "8eaac07d976f1244d8b2609bc8657085"
        },
        {
          "type": "icon",
          "assetId": "EBKiz1_bKbbS",
          "checksum": "0a2d45c249df8cfb3dda18dcc264334a"
        },
        {
          "type": "icon",
          "assetId": "anIDlMMXRhiN",
          "checksum": "b67b6f4c90d622ebef5168ca6812c7a3"
        },
        {
          "type": "icon",
          "assetId": "qM-k-Rl__inV",
          "checksum": "9c4f11d6dcee499c3af987892161fc0b"
        },
        {
          "type": "icon",
          "assetId": "Q2i3z1EQT0et",
          "checksum": "e9f4449412d8a1059c32ddf6abbb0710"
        },
        {
          "type": "icon",
          "assetId": "45hWELmUonym",
          "checksum": "3d0112e622c4076a123d8c8ef6aecea9"
        },
        {
          "type": "icon",
          "assetId": "Dq0cDj5_Khlr",
          "checksum": "d67bd186f0043253112e3b594d00d1ac"
        },
        {
          "type": "icon",
          "assetId": "g0A7FwwZQo_n",
          "checksum": "730b2318151b2fd4fbf9a23deb4ad140"
        },
        {
          "type": "icon",
          "assetId": "tgX1Fi_kPAPV",
          "checksum": "3063c29498aee90389c0591c2b11af08"
        },
        {
          "type": "icon",
          "assetId": "GLyPhLAg3qas",
          "checksum": "54e65ef87663d972ec40d3ceef39b28b"
        },
        {
          "type": "icon",
          "assetId": "fWVG_utiKGQ1",
          "checksum": "7ca3e15fc3df099bc642aaa2305f3918"
        },
        {
          "type": "icon",
          "assetId": "qYDC0LhkIc2_",
          "checksum": "92fd4e9f5641334d3ff203bfa21fe691"
        },
        {
          "type": "icon",
          "assetId": "tfoFva40Lasy",
          "checksum": "e806527ae897b5e8eb3391c7292feedd"
        },
        {
          "type": "icon",
          "assetId": "dbrqEVgw2GbS",
          "checksum": "08002d2b9630abaab0b579f302f92a29"
        },
        {
          "type": "icon",
          "assetId": "yj3hHsNYYAuP",
          "checksum": "2eba4cd8f569935c51a7b7ed5b09f1ec"
        },
        {
          "type": "icon",
          "assetId": "9ASPN5fdPsXG",
          "checksum": "34dc94ece1ac5c3206ddd04358cc8d05"
        },
        {
          "type": "icon",
          "assetId": "LNjLtZIQYfQl",
          "checksum": "39286466d5e072f637ce9bf235a96b53"
        },
        {
          "type": "icon",
          "assetId": "t1CcSEYsK3cc",
          "checksum": "50688447ad2829cfafe5cb41646ec334"
        },
        {
          "type": "icon",
          "assetId": "8hkhCDveuUnG",
          "checksum": "f55b4ff14374ef13d469dd92b5f9eb7e"
        },
        {
          "type": "icon",
          "assetId": "EvW8mP1giDEJ",
          "checksum": "feebf13f90c75e974fa893c3826f55b1"
        },
        {
          "type": "icon",
          "assetId": "3l0KPQLrYeJ1",
          "checksum": "af5112c0fe36cf696d72e6fc5f73fd97"
        },
        {
          "type": "icon",
          "assetId": "s6V8mYogtXIl",
          "checksum": "95feabdb39541da3202df6762d56399c"
        },
        {
          "type": "icon",
          "assetId": "7zb-F8fuerKZ",
          "checksum": "7c41cf4279b4ceaf8af74e9f4a199b05"
        },
        {
          "type": "icon",
          "assetId": "8cY3RPU6COwk",
          "checksum": "154e4486919f5ed61c57b5e5e96fce62"
        },
        {
          "type": "icon",
          "assetId": "EJkkfR7Ud0qQ",
          "checksum": "1d54aaa5732a1f7618a37cfa7e816aa0"
        },
        {
          "type": "icon",
          "assetId": "dUBMsPyUlb3n",
          "checksum": "ce3faa935ca65aeaa2bc09ccd8ea6fd4"
        },
        {
          "type": "icon",
          "assetId": "MoFLOZYF3sGI",
          "checksum": "b5b6bcb4665e89f4342d5f29fed2b4ba"
        },
        {
          "type": "icon",
          "assetId": "VsBoAEXdjig_",
          "checksum": "4f1553069993cd37e86db0db2d646b49"
        },
        {
          "type": "icon",
          "assetId": "y-FjJuAZvsK2",
          "checksum": "ec8fb350d1ae4a5c3ce35d62bbf82c46"
        },
        {
          "type": "icon",
          "assetId": "45YTpmzdPJeB",
          "checksum": "2e6bec0e6f6b533bd76e7124a49ba4e9"
        },
        {
          "type": "icon",
          "assetId": "jB41rBVZPU7x",
          "checksum": "d5e38f781597bd3adb49d10342f27805"
        },
        {
          "type": "icon",
          "assetId": "86fwTKLxRv6B",
          "checksum": "890fcb0e4c83f2a7a4865cbeb9b87c8e"
        },
        {
          "type": "icon",
          "assetId": "UvPSCxD5oaW3",
          "checksum": "3f4c4dba1d5441f6d4d524cd4e6c1d36"
        },
        {
          "type": "icon",
          "assetId": "afVbAz34uuL8",
          "checksum": "ea7636d9c041227643a0afd5d95a2855"
        },
        {
          "type": "icon",
          "assetId": "f_-oY0DRXqXL",
          "checksum": "748c4b959d66c97126979ec378355d1c"
        },
        {
          "type": "icon",
          "assetId": "NFxZZ2kwEKkv",
          "checksum": "8e54abda5bd851bf649952373a694bb5"
        },
        {
          "type": "icon",
          "assetId": "7is96NTsX-S7",
          "checksum": "dccad7f53c7566131cde6fef51c222f9"
        },
        {
          "type": "icon",
          "assetId": "3JB4AlATAt0H",
          "checksum": "0e45a2431fb56544633e2892653ccf14"
        },
        {
          "type": "icon",
          "assetId": "4UaDaQ055sXh",
          "checksum": "779bd37c57a66f279a90654ade2b6af0"
        },
        {
          "type": "icon",
          "assetId": "eqQAoypOBOaa",
          "checksum": "5db8d8a856a006549e44ff29e545064b"
        },
        {
          "type": "icon",
          "assetId": "qKMzzxYWCT9r",
          "checksum": "534900678c15f941e47eae9c7fa37a15"
        },
        {
          "type": "icon",
          "assetId": "w6NPFY6kUz40",
          "checksum": "90fae0db1098607dd3889edb0a49017a"
        },
        {
          "type": "icon",
          "assetId": "VCar4jAjC05T",
          "checksum": "8848c917c6627cf03cc7c20d7f1c5d14"
        },
        {
          "type": "icon",
          "assetId": "pR-88zDwQEnc",
          "checksum": "f5e384153493327a62796b1a63088cb6"
        },
        {
          "type": "icon",
          "assetId": "A7wi4bTyysuA",
          "checksum": "a8ef09cd0de18e2afbb9272cf0944714"
        },
        {
          "type": "icon",
          "assetId": "fxeDYeFnMhcL",
          "checksum": "8a5ea0ae47c9bb9d23cda907a7dd61c2"
        },
        {
          "type": "icon",
          "assetId": "SRvQOL_VCeU2",
          "checksum": "12b817b083293a942c0867e6e65e38cc"
        },
        {
          "type": "icon",
          "assetId": "oCm0mf-kFec8",
          "checksum": "e6c15aef8173d3a26dd1fbfb44610573"
        },
        {
          "type": "icon",
          "assetId": "uOmgSDCdFDth",
          "checksum": "5b3a00909d99989c3dfddda94c174117"
        },
        {
          "type": "icon",
          "assetId": "naJAblHQSjQc",
          "checksum": "f6303eb124cb61eaeea87e1894f29443"
        },
        {
          "type": "icon",
          "assetId": "aHu4dL6juEYA",
          "checksum": "d5d8b50ddb64557e8c5e962aee01b238"
        },
        {
          "type": "icon",
          "assetId": "75cd9bCdaW1j",
          "checksum": "57e934ea65b7dcc39ef6c417165e65fb"
        },
        {
          "type": "icon",
          "assetId": "HtjlgEEdxL13",
          "checksum": "72432eedc975f6ed9cc7d7c1d13d61ab"
        },
        {
          "type": "icon",
          "assetId": "hhVAOh6FkzZ2",
          "checksum": "8cfb3f3ea4676624852e23c691648a52"
        },
        {
          "type": "icon",
          "assetId": "p14MJBenmTbv",
          "checksum": "f62d327c614a42abbbf5aaa17617a6ab"
        },
        {
          "type": "icon",
          "assetId": "c4ZZiyBHAq3r",
          "checksum": "ea4b665839d6b9f2e005b595dcdc15f2"
        },
        {
          "type": "icon",
          "assetId": "Uf_tGspk8qZz",
          "checksum": "0a673d427c80a2ae0bcbb96f2c87a75a"
        },
        {
          "type": "icon",
          "assetId": "t2E5RVjjEF4P",
          "checksum": "2e6652563a0570e39e4acdcdcfcf2477"
        },
        {
          "type": "icon",
          "assetId": "gvXrt2sl8Ya7",
          "checksum": "b9ffd208f01b768fe91feba128f3d1d1"
        },
        {
          "type": "icon",
          "assetId": "VxpNi_sMfPZi",
          "checksum": "b3aef45765a1549b4fb716d5a739206a"
        },
        {
          "type": "icon",
          "assetId": "3VAfASl9gbiQ",
          "checksum": "e40daf3df7f76a1a4a62d6ea0753ab03"
        },
        {
          "type": "icon",
          "assetId": "NTh2Nvv6KzuW",
          "checksum": "b920f5d56fd16ae72fb20e68a5079d4f"
        },
        {
          "type": "icon",
          "assetId": "QDvlgztzhmpN",
          "checksum": "27ad7aa95a1dc13026ed3e9320cccb84"
        },
        {
          "type": "icon",
          "assetId": "TGH87wnq6pP5",
          "checksum": "5f0956cf1e34a7695eb1a9c89d52f532"
        },
        {
          "type": "icon",
          "assetId": "kk65wPTM7yDh",
          "checksum": "1e480f113117bdfa878bcd8e543a08a4"
        },
        {
          "type": "icon",
          "assetId": "PVzexd15UuxO",
          "checksum": "6ccaed64ba6fa754c89a579e4daacdfb"
        },
        {
          "type": "icon",
          "assetId": "uv-esoD0qkDh",
          "checksum": "275b8f7a11b776570f3ede15320275b7"
        },
        {
          "type": "icon",
          "assetId": "e46BsyJ2bjKq",
          "checksum": "2965f4bca4be71520525a1903a9c9e3c"
        },
        {
          "type": "icon",
          "assetId": "fQuvc6bYBWs_",
          "checksum": "74516be94b52a5e9085edcc4870f4206"
        },
        {
          "type": "icon",
          "assetId": "CpP-5HbIMBWm",
          "checksum": "1530fbc79f064414137a15cffb9a9a84"
        },
        {
          "type": "icon",
          "assetId": "AYyMz-QUMUDa",
          "checksum": "f5e9fd787278584b55ef8b784062f53b"
        },
        {
          "type": "icon",
          "assetId": "7xqRrcjhZPHC",
          "checksum": "4ce6dbef742d2ee4f5aeaaae78edeabc"
        },
        {
          "type": "image",
          "assetId": "Hki5wY0HjV9u",
          "checksum": "45b7d92e1682f43869f345a537b8e522"
        },
        {
          "type": "image",
          "assetId": "BTfnbAJ9GdlX",
          "checksum": "1be5bf36eddc0a60369efd867b9c5745"
        },
        {
          "type": "image",
          "assetId": "9DgKt-D8hjKv",
          "checksum": "2ac537af60b44d683f4ca298fc33ddb1"
        },
        {
          "type": "image",
          "assetId": "V-fzS4RHKokk",
          "checksum": "56bd5517819e8847d547ca751342ecd6"
        },
        {
          "type": "image",
          "assetId": "QT_UusfN9_ir",
          "checksum": "60ac3c163bf9a60b7a2a9c9c0ee22abc"
        },
        {
          "type": "image",
          "assetId": "FQ0TOpXo61o9",
          "checksum": "1dc7ad14d75dd22ad5ad1d39c0776e05"
        },
        {
          "type": "image",
          "assetId": "AtTcMEPQy9pW",
          "checksum": "f69ddca5c53120af092a4cf7546df9da"
        },
        {
          "type": "image",
          "assetId": "WjXbb8o51gh0",
          "checksum": "34769240c152b6a4921b1c07bc089347"
        },
        {
          "type": "image",
          "assetId": "1viPOyCIFbJm",
          "checksum": "c8c7acd625a398d1b20a2352a9264c15"
        },
        {
          "type": "image",
          "assetId": "jgE0cKA0ygsy",
          "checksum": "cf261c6186645fcaf93e6308103b3a6a"
        },
        {
          "type": "image",
          "assetId": "IPQvWvfPjNmC",
          "checksum": "1bb554b8804d1887bcbcb2a41a37921a"
        },
        {
          "type": "image",
          "assetId": "c0SaiOU-k9_1",
          "checksum": "3e6ad90a07423d7beb2253fd7d3779e1"
        },
        {
          "type": "image",
          "assetId": "A6ax7SHd5oCn",
          "checksum": "1945ac87576a94e41ec36f65e1c1f191"
        },
        {
          "type": "image",
          "assetId": "2kUCognwPrct",
          "checksum": "fe21f75afa8e525bb9b245420696530f"
        },
        {
          "type": "image",
          "assetId": "SjQ1ZJ5rcf7e",
          "checksum": "85b3bcfc6f6deb29e898e39d1c07e49e"
        },
        {
          "type": "image",
          "assetId": "TBMjBgA1kLq1",
          "checksum": "ebe5f2d770b78d1d134c5549d2411531"
        },
        {
          "type": "image",
          "assetId": "qs2bWCh00-sB",
          "checksum": "6567434a8960f0eca6c9d0a802aef42e"
        },
        {
          "type": "image",
          "assetId": "wPqpPLJDx2kc",
          "checksum": "487ca9bb5ec78d0320cb8fde2be272a7"
        },
        {
          "type": "image",
          "assetId": "307dMFC2DYgZ",
          "checksum": "c512e8730f05d6d0c7a145c77e7ff1d4"
        },
        {
          "type": "image",
          "assetId": "99HSuNMLS5sy",
          "checksum": "95f57a14fe8415d4e8078b7867f3d996"
        },
        {
          "type": "image",
          "assetId": "2aTgBTsU059F",
          "checksum": "a3219ded5189dd1d2975359916601b89"
        },
        {
          "type": "image",
          "assetId": "wllofmkq2BpO",
          "checksum": "7ce19023a538331222db5b7b562f4352"
        },
        {
          "type": "image",
          "assetId": "uBEp4vnFtSUk",
          "checksum": "cd135e82efbbfdcfa0d91f360177b9ce"
        },
        {
          "type": "image",
          "assetId": "Uxf2kOQP6tSZ",
          "checksum": "d0c331c12be4ace44cd85bbb17f5704f"
        },
        {
          "type": "image",
          "assetId": "-M8TnEhTI1gA",
          "checksum": "24d0f46c082ed4d0cd7665fc5b19d660"
        },
        {
          "type": "image",
          "assetId": "_s2koRGWGRwk",
          "checksum": "3de52ff3727a9212d15c9aa748832089"
        },
        {
          "type": "image",
          "assetId": "m_AMBll62ahz",
          "checksum": "9a2b53a68f4d15334a78dfbb1757a42d"
        },
        {
          "type": "image",
          "assetId": "byRs6D4XZNZo",
          "checksum": "2bd46fef505c2ac665c1f9daa42fa9ec"
        },
        {
          "type": "image",
          "assetId": "to3vkLXTXqkb",
          "checksum": "cea9380243c6e4a39822bf90a26dcc8e"
        },
        {
          "type": "image",
          "assetId": "cXU58H0DF2cG",
          "checksum": "43c6520a765a41984edf6d2e72efdf9c"
        },
        {
          "type": "image",
          "assetId": "-pH0w1HRhk92",
          "checksum": "3965b2404f449f264bb25d1dde1c0d33"
        },
        {
          "type": "image",
          "assetId": "48ICK8Cz8jJh",
          "checksum": "d454ebc71576cb82953540b7fbc3115c"
        },
        {
          "type": "image",
          "assetId": "cDeYk7CNgUMj",
          "checksum": "9f2e5b8671e522ea4bfecc5eacc31efc"
        },
        {
          "type": "image",
          "assetId": "-uHDjrK5vHCH",
          "checksum": "1e31ddcce34d984cbdbbd5888fe2beb8"
        },
        {
          "type": "image",
          "assetId": "XcQWu-gmXhNY",
          "checksum": "fc9d77fad1891ef23457576e4b15d7af"
        },
        {
          "type": "image",
          "assetId": "v4mLHdEPc6ew",
          "checksum": "a17d59e4889212a2cfe35b41cbc721de"
        },
        {
          "type": "image",
          "assetId": "knWHaqluLQAY",
          "checksum": "587d1123e4e62f8d8d096c5b9a08908e"
        },
        {
          "type": "image",
          "assetId": "RXA-8Rz4adEm",
          "checksum": "f4d085b5a2166a469050dca716782c77"
        },
        {
          "type": "image",
          "assetId": "SNmfBgKf3Jkn",
          "checksum": "3e0677e85962a8ac667c959cce3b966d"
        },
        {
          "type": "image",
          "assetId": "RWRKbVoUQh7X",
          "checksum": "74e9f0bfae90b95e6d7b8ecabc6bc62a"
        },
        {
          "type": "image",
          "assetId": "jg7JgkWh7TIZ",
          "checksum": "78210b959d7521f8fd64bbd5eada588d"
        },
        {
          "type": "image",
          "assetId": "H8l4Tz2TC0_N",
          "checksum": "08c702104653f94d122464bcdf31095d"
        },
        {
          "assetId": "qFgf32neWRE8gRveVBaatz",
          "type": "projectCss",
          "checksum": "7a0fc8c345f5db8eedb9037c20110471"
        },
        {
          "type": "renderModule",
          "assetId": "VUxalQKdyCYj",
          "checksum": "1a2744d05fd9b71dee5ffe91c8c96f79"
        },
        {
          "type": "cssRules",
          "assetId": "VUxalQKdyCYj",
          "checksum": "1a2744d05fd9b71dee5ffe91c8c96f79"
        },
        {
          "type": "renderModule",
          "assetId": "SyYLCRWlXb0u",
          "checksum": "9bf1f700edfa67469c3e81c41e28ce97"
        },
        {
          "type": "cssRules",
          "assetId": "SyYLCRWlXb0u",
          "checksum": "9bf1f700edfa67469c3e81c41e28ce97"
        },
        {
          "type": "renderModule",
          "assetId": "r1AkQsrHSZtQ",
          "checksum": "ea96b5dff4d2b47875c9f8d6cc1c8064"
        },
        {
          "type": "cssRules",
          "assetId": "r1AkQsrHSZtQ",
          "checksum": "ea96b5dff4d2b47875c9f8d6cc1c8064"
        },
        {
          "type": "renderModule",
          "assetId": "B0GpRQnxoYTt",
          "checksum": "56156322686249ea6c84fbf66ebac020"
        },
        {
          "type": "cssRules",
          "assetId": "B0GpRQnxoYTt",
          "checksum": "56156322686249ea6c84fbf66ebac020"
        },
        {
          "type": "renderModule",
          "assetId": "_msz16lTRhj1",
          "checksum": "edbde9f4992375884615924847c58a4e"
        },
        {
          "type": "cssRules",
          "assetId": "_msz16lTRhj1",
          "checksum": "edbde9f4992375884615924847c58a4e"
        },
        {
          "type": "renderModule",
          "assetId": "rOOOzuY_irvz",
          "checksum": "6bb54eb5e3f7472bd3370890a8a132a5"
        },
        {
          "type": "cssRules",
          "assetId": "rOOOzuY_irvz",
          "checksum": "6bb54eb5e3f7472bd3370890a8a132a5"
        },
        {
          "type": "icon",
          "assetId": "Kq2sI6IXlzM2",
          "checksum": "d9d2b5352f5ec1b0e5bc9bc54c3f70b2"
        },
        {
          "type": "icon",
          "assetId": "MkGrbQTFNEAF",
          "checksum": "dfc84cc73553e12e28d7b8d68c676615"
        },
        {
          "type": "icon",
          "assetId": "HVL8Mn2vX38q",
          "checksum": "bff4b0add3f16102a2ee7c727ff06255"
        },
        {
          "type": "icon",
          "assetId": "GwVz15svOXJ1",
          "checksum": "ee6540e87700ec5f02aa8ccb30edcfd3"
        },
        {
          "type": "icon",
          "assetId": "UR9SzrRcmRdF",
          "checksum": "647b45b924f1ea54dc545a009eea289e"
        }
      ],
      "codegenVersion": "0.0.1"
    }
  ],
  "cliVersion": "0.1.331"
}
